
Microsoft Visual Studio Solution File, Format Version 12.00
# Visual Studio Version 17
VisualStudioVersion = 17.6.33723.286
MinimumVisualStudioVersion = 10.0.40219.1
Project("{FAE04EC0-301F-11D3-BF4B-00C04F79EFBC}") = "LibraryManagmentSystem", "LibraryManagmentSystem\LibraryManagmentSystem.csproj", "{10480813-366B-4AC7-BF05-AD7041DC2919}"
EndProject
Global
	GlobalSection(SolutionConfigurationPlatforms) = preSolution
		Debug|Any CPU = Debug|Any CPU
		Release|Any CPU = Release|Any CPU
	EndGlobalSection
	GlobalSection(ProjectConfigurationPlatforms) = postSolution
		{10480813-366B-4AC7-BF05-AD7041DC2919}.Debug|Any CPU.ActiveCfg = Debug|Any CPU
		{10480813-366B-4AC7-BF05-AD7041DC2919}.Debug|Any CPU.Build.0 = Debug|Any CPU
		{10480813-366B-4AC7-BF05-AD7041DC2919}.Release|Any CPU.ActiveCfg = Release|Any CPU
		{10480813-366B-4AC7-BF05-AD7041DC2919}.Release|Any CPU.Build.0 = Release|Any CPU
	EndGlobalSection
	GlobalSection(SolutionProperties) = preSolution
		HideSolutionNode = FALSE
	EndGlobalSection
	GlobalSection(ExtensibilityGlobals) = postSolution
		SolutionGuid = {70865A64-681F-4D80-AC5A-74624D4631FD}
	EndGlobalSection
EndGlobal
